
Microsoft Visual Studio Solution File, Format Version 12.00
# Visual Studio 14
VisualStudioVersion = 14.0.25123.0
MinimumVisualStudioVersion = 10.0.40219.1
Project("{FAE04EC0-301F-11D3-BF4B-00C04F79EFBC}") = "LearningCenter.WebSite", "LearningCenter.WebSite\LearningCenter.WebSite.csproj", "{CAC31226-19B0-4E2D-8ED3-168A8995B322}"
EndProject
Project("{FAE04EC0-301F-11D3-BF4B-00C04F79EFBC}") = "LearningCenter.Business", "LearningCenter.Business\LearningCenter.Business.csproj", "{960FCD26-2C64-4962-8FA7-898FC71D541E}"
EndProject
Project("{FAE04EC0-301F-11D3-BF4B-00C04F79EFBC}") = "LearningCenter.CourseDB", "LearningCenter.CourseDB\LearningCenter.CourseDB.csproj", "{2388AEF8-C5BB-49C4-A3B1-F71859864DBB}"
EndProject
Project("{FAE04EC0-301F-11D3-BF4B-00C04F79EFBC}") = "LearningCenter.Repository", "LearningCenter.Repository\LearningCenter.Repository.csproj", "{DAD3A4C3-1B49-4827-9A03-723F179AEBED}"
EndProject
Global
	GlobalSection(SolutionConfigurationPlatforms) = preSolution
		Debug|Any CPU = Debug|Any CPU
		Release|Any CPU = Release|Any CPU
	EndGlobalSection
	GlobalSection(ProjectConfigurationPlatforms) = postSolution
		{CAC31226-19B0-4E2D-8ED3-168A8995B322}.Debug|Any CPU.ActiveCfg = Debug|Any CPU
		{CAC31226-19B0-4E2D-8ED3-168A8995B322}.Debug|Any CPU.Build.0 = Debug|Any CPU
		{CAC31226-19B0-4E2D-8ED3-168A8995B322}.Release|Any CPU.ActiveCfg = Release|Any CPU
		{CAC31226-19B0-4E2D-8ED3-168A8995B322}.Release|Any CPU.Build.0 = Release|Any CPU
		{960FCD26-2C64-4962-8FA7-898FC71D541E}.Debug|Any CPU.ActiveCfg = Debug|Any CPU
		{960FCD26-2C64-4962-8FA7-898FC71D541E}.Debug|Any CPU.Build.0 = Debug|Any CPU
		{960FCD26-2C64-4962-8FA7-898FC71D541E}.Release|Any CPU.ActiveCfg = Release|Any CPU
		{960FCD26-2C64-4962-8FA7-898FC71D541E}.Release|Any CPU.Build.0 = Release|Any CPU
		{2388AEF8-C5BB-49C4-A3B1-F71859864DBB}.Debug|Any CPU.ActiveCfg = Debug|Any CPU
		{2388AEF8-C5BB-49C4-A3B1-F71859864DBB}.Debug|Any CPU.Build.0 = Debug|Any CPU
		{2388AEF8-C5BB-49C4-A3B1-F71859864DBB}.Release|Any CPU.ActiveCfg = Release|Any CPU
		{2388AEF8-C5BB-49C4-A3B1-F71859864DBB}.Release|Any CPU.Build.0 = Release|Any CPU
		{DAD3A4C3-1B49-4827-9A03-723F179AEBED}.Debug|Any CPU.ActiveCfg = Debug|Any CPU
		{DAD3A4C3-1B49-4827-9A03-723F179AEBED}.Debug|Any CPU.Build.0 = Debug|Any CPU
		{DAD3A4C3-1B49-4827-9A03-723F179AEBED}.Release|Any CPU.ActiveCfg = Release|Any CPU
		{DAD3A4C3-1B49-4827-9A03-723F179AEBED}.Release|Any CPU.Build.0 = Release|Any CPU
	EndGlobalSection
	GlobalSection(SolutionProperties) = preSolution
		HideSolutionNode = FALSE
	EndGlobalSection
EndGlobal
